// !$*UTF8*$!
{
	archiveVersion = 1;
	classes = {
	};
	objectVersion = 56;
	objects = {

/* Begin PBXBuildFile section */
		D069CE0D2C8486F70049B594 /* ShopView.swift in Sources */ = {isa = PBXBuildFile; fileRef = D069CE0C2C8486F70049B594 /* ShopView.swift */; };
		D069CE0F2C849BEC0049B594 /* SplashScreenViewController.swift in Sources */ = {isa = PBXBuildFile; fileRef = D069CE0E2C849BEC0049B594 /* SplashScreenViewController.swift */; };
		D06AF3232C760B3600823BE0 /* AppDelegate.swift in Sources */ = {isa = PBXBuildFile; fileRef = D06AF3222C760B3600823BE0 /* AppDelegate.swift */; };
		D06AF3252C760B3600823BE0 /* SceneDelegate.swift in Sources */ = {isa = PBXBuildFile; fileRef = D06AF3242C760B3600823BE0 /* SceneDelegate.swift */; };
		D06AF3272C760B3600823BE0 /* CustomButtonViewController.swift in Sources */ = {isa = PBXBuildFile; fileRef = D06AF3262C760B3600823BE0 /* CustomButtonViewController.swift */; };
		D06AF32C2C760B3700823BE0 /* Assets.xcassets in Resources */ = {isa = PBXBuildFile; fileRef = D06AF32B2C760B3700823BE0 /* Assets.xcassets */; };
		D06AF32F2C760B3700823BE0 /* LaunchScreen.storyboard in Resources */ = {isa = PBXBuildFile; fileRef = D06AF32D2C760B3700823BE0 /* LaunchScreen.storyboard */; };
		D06AF3372C761BCE00823BE0 /* UIColorExt.swift in Sources */ = {isa = PBXBuildFile; fileRef = D06AF3362C761BCE00823BE0 /* UIColorExt.swift */; };
		D0880B312C88A1C100EC3E65 /* BackgroundImageFunc.swift in Sources */ = {isa = PBXBuildFile; fileRef = D0880B302C88A1C100EC3E65 /* BackgroundImageFunc.swift */; };
		D0880B332C88A4F500EC3E65 /* ScrollFunc.swift in Sources */ = {isa = PBXBuildFile; fileRef = D0880B322C88A4F500EC3E65 /* ScrollFunc.swift */; };
		D0880B352C88A54C00EC3E65 /* ContentFunc.swift in Sources */ = {isa = PBXBuildFile; fileRef = D0880B342C88A54C00EC3E65 /* ContentFunc.swift */; };
		D0880B372C88B46A00EC3E65 /* BackButtonExt.swift in Sources */ = {isa = PBXBuildFile; fileRef = D0880B362C88B46A00EC3E65 /* BackButtonExt.swift */; };
		D0B865F52C87337C00572D31 /* HistoryView.swift in Sources */ = {isa = PBXBuildFile; fileRef = D0B865F42C87337C00572D31 /* HistoryView.swift */; };
		D0B865FA2C87420900572D31 /* HistoryDayView.swift in Sources */ = {isa = PBXBuildFile; fileRef = D0B865F92C87420900572D31 /* HistoryDayView.swift */; };
		D0B865FC2C87483F00572D31 /* ProfileView.swift in Sources */ = {isa = PBXBuildFile; fileRef = D0B865FB2C87483F00572D31 /* ProfileView.swift */; };
		D0B865FF2C875C1000572D31 /* Settings.swift in Sources */ = {isa = PBXBuildFile; fileRef = D0B865FE2C875C0F00572D31 /* Settings.swift */; };
		D0B866012C88654D00572D31 /* ButtonFunc.swift in Sources */ = {isa = PBXBuildFile; fileRef = D0B866002C88654D00572D31 /* ButtonFunc.swift */; };
/* End PBXBuildFile section */

/* Begin PBXFileReference section */
		D069CE0C2C8486F70049B594 /* ShopView.swift */ = {isa = PBXFileReference; lastKnownFileType = sourcecode.swift; path = ShopView.swift; sourceTree = "<group>"; };
		D069CE0E2C849BEC0049B594 /* SplashScreenViewController.swift */ = {isa = PBXFileReference; lastKnownFileType = sourcecode.swift; path = SplashScreenViewController.swift; sourceTree = "<group>"; };
		D06AF31F2C760B3600823BE0 /* DesertDush.app */ = {isa = PBXFileReference; explicitFileType = wrapper.application; includeInIndex = 0; path = DesertDush.app; sourceTree = BUILT_PRODUCTS_DIR; };
		D06AF3222C760B3600823BE0 /* AppDelegate.swift */ = {isa = PBXFileReference; lastKnownFileType = sourcecode.swift; path = AppDelegate.swift; sourceTree = "<group>"; };
		D06AF3242C760B3600823BE0 /* SceneDelegate.swift */ = {isa = PBXFileReference; lastKnownFileType = sourcecode.swift; path = SceneDelegate.swift; sourceTree = "<group>"; };
		D06AF3262C760B3600823BE0 /* CustomButtonViewController.swift */ = {isa = PBXFileReference; lastKnownFileType = sourcecode.swift; path = CustomButtonViewController.swift; sourceTree = "<group>"; };
		D06AF32B2C760B3700823BE0 /* Assets.xcassets */ = {isa = PBXFileReference; lastKnownFileType = folder.assetcatalog; path = Assets.xcassets; sourceTree = "<group>"; };
		D06AF32E2C760B3700823BE0 /* Base */ = {isa = PBXFileReference; lastKnownFileType = file.storyboard; name = Base; path = Base.lproj/LaunchScreen.storyboard; sourceTree = "<group>"; };
		D06AF3302C760B3700823BE0 /* Info.plist */ = {isa = PBXFileReference; lastKnownFileType = text.plist.xml; path = Info.plist; sourceTree = "<group>"; };
		D06AF3362C761BCE00823BE0 /* UIColorExt.swift */ = {isa = PBXFileReference; lastKnownFileType = sourcecode.swift; path = UIColorExt.swift; sourceTree = "<group>"; };
		D0880B302C88A1C100EC3E65 /* BackgroundImageFunc.swift */ = {isa = PBXFileReference; lastKnownFileType = sourcecode.swift; path = BackgroundImageFunc.swift; sourceTree = "<group>"; };
		D0880B322C88A4F500EC3E65 /* ScrollFunc.swift */ = {isa = PBXFileReference; lastKnownFileType = sourcecode.swift; path = ScrollFunc.swift; sourceTree = "<group>"; };
		D0880B342C88A54C00EC3E65 /* ContentFunc.swift */ = {isa = PBXFileReference; lastKnownFileType = sourcecode.swift; path = ContentFunc.swift; sourceTree = "<group>"; };
		D0880B362C88B46A00EC3E65 /* BackButtonExt.swift */ = {isa = PBXFileReference; lastKnownFileType = sourcecode.swift; path = BackButtonExt.swift; sourceTree = "<group>"; };
		D0B865F42C87337C00572D31 /* HistoryView.swift */ = {isa = PBXFileReference; lastKnownFileType = sourcecode.swift; path = HistoryView.swift; sourceTree = "<group>"; };
		D0B865F92C87420900572D31 /* HistoryDayView.swift */ = {isa = PBXFileReference; lastKnownFileType = sourcecode.swift; path = HistoryDayView.swift; sourceTree = "<group>"; };
		D0B865FB2C87483F00572D31 /* ProfileView.swift */ = {isa = PBXFileReference; lastKnownFileType = sourcecode.swift; path = ProfileView.swift; sourceTree = "<group>"; };
		D0B865FE2C875C0F00572D31 /* Settings.swift */ = {isa = PBXFileReference; lastKnownFileType = sourcecode.swift; path = Settings.swift; sourceTree = "<group>"; };
		D0B866002C88654D00572D31 /* ButtonFunc.swift */ = {isa = PBXFileReference; lastKnownFileType = sourcecode.swift; path = ButtonFunc.swift; sourceTree = "<group>"; };
/* End PBXFileReference section */

/* Begin PBXFrameworksBuildPhase section */
		D06AF31C2C760B3600823BE0 /* Frameworks */ = {
			isa = PBXFrameworksBuildPhase;
			buildActionMask = 2147483647;
			files = (
			);
			runOnlyForDeploymentPostprocessing = 0;
		};
/* End PBXFrameworksBuildPhase section */

/* Begin PBXGroup section */
		D06AF3162C760B3600823BE0 = {
			isa = PBXGroup;
			children = (
				D06AF3212C760B3600823BE0 /* DesertDush */,
				D06AF3202C760B3600823BE0 /* Products */,
			);
			sourceTree = "<group>";
		};
		D06AF3202C760B3600823BE0 /* Products */ = {
			isa = PBXGroup;
			children = (
				D06AF31F2C760B3600823BE0 /* DesertDush.app */,
			);
			name = Products;
			sourceTree = "<group>";
		};
		D06AF3212C760B3600823BE0 /* DesertDush */ = {
			isa = PBXGroup;
			children = (
				D06AF3222C760B3600823BE0 /* AppDelegate.swift */,
				D06AF3242C760B3600823BE0 /* SceneDelegate.swift */,
				D06AF3302C760B3700823BE0 /* Info.plist */,
				D0B865F82C8733D600572D31 /* Scenes */,
				D0B865F72C8733A900572D31 /* Extensions */,
				D0B865F62C87338800572D31 /* Supports */,
			);
			path = DesertDush;
			sourceTree = "<group>";
		};
		D0880B382C88BAAD00EC3E65 /* Func */ = {
			isa = PBXGroup;
			children = (
				D0B866002C88654D00572D31 /* ButtonFunc.swift */,
				D0880B302C88A1C100EC3E65 /* BackgroundImageFunc.swift */,
				D0880B322C88A4F500EC3E65 /* ScrollFunc.swift */,
				D0880B342C88A54C00EC3E65 /* ContentFunc.swift */,
			);
			path = Func;
			sourceTree = "<group>";
		};
		D0880B3A2C88BD1200EC3E65 /* Shop */ = {
			isa = PBXGroup;
			children = (
				D069CE0C2C8486F70049B594 /* ShopView.swift */,
			);
			path = Shop;
			sourceTree = "<group>";
		};
		D0880B3B2C88BD1900EC3E65 /* History */ = {
			isa = PBXGroup;
			children = (
				D0B865F92C87420900572D31 /* HistoryDayView.swift */,
				D0B865F42C87337C00572D31 /* HistoryView.swift */,
			);
			path = History;
			sourceTree = "<group>";
		};
		D0880B3C2C88BD2400EC3E65 /* Profile */ = {
			isa = PBXGroup;
			children = (
				D0B865FB2C87483F00572D31 /* ProfileView.swift */,
			);
			path = Profile;
			sourceTree = "<group>";
		};
		D0880B3D2C88BD3100EC3E65 /* Settings */ = {
			isa = PBXGroup;
			children = (
				D0B865FE2C875C0F00572D31 /* Settings.swift */,
			);
			path = Settings;
			sourceTree = "<group>";
		};
		D0880B3E2C88BD3A00EC3E65 /* Loading */ = {
			isa = PBXGroup;
			children = (
				D069CE0E2C849BEC0049B594 /* SplashScreenViewController.swift */,
			);
			path = Loading;
			sourceTree = "<group>";
		};
		D0B865F62C87338800572D31 /* Supports */ = {
			isa = PBXGroup;
			children = (
				D06AF32D2C760B3700823BE0 /* LaunchScreen.storyboard */,
				D06AF32B2C760B3700823BE0 /* Assets.xcassets */,
			);
			path = Supports;
			sourceTree = "<group>";
		};
		D0B865F72C8733A900572D31 /* Extensions */ = {
			isa = PBXGroup;
			children = (
				D0880B382C88BAAD00EC3E65 /* Func */,
				D06AF3362C761BCE00823BE0 /* UIColorExt.swift */,
				D0880B362C88B46A00EC3E65 /* BackButtonExt.swift */,
			);
			path = Extensions;
			sourceTree = "<group>";
		};
		D0B865F82C8733D600572D31 /* Scenes */ = {
			isa = PBXGroup;
			children = (
				D0B865FD2C875BCE00572D31 /* Menu */,
				D0880B3A2C88BD1200EC3E65 /* Shop */,
				D0880B3B2C88BD1900EC3E65 /* History */,
				D0880B3C2C88BD2400EC3E65 /* Profile */,
				D0880B3D2C88BD3100EC3E65 /* Settings */,
				D0880B3E2C88BD3A00EC3E65 /* Loading */,
			);
			path = Scenes;
			sourceTree = "<group>";
		};
		D0B865FD2C875BCE00572D31 /* Menu */ = {
			isa = PBXGroup;
			children = (
				D06AF3262C760B3600823BE0 /* CustomButtonViewController.swift */,
			);
			path = Menu;
			sourceTree = "<group>";
		};
/* End PBXGroup section */

/* Begin PBXNativeTarget section */
		D06AF31E2C760B3600823BE0 /* DesertDush */ = {
			isa = PBXNativeTarget;
			buildConfigurationList = D06AF3332C760B3700823BE0 /* Build configuration list for PBXNativeTarget "DesertDush" */;
			buildPhases = (
				D06AF31B2C760B3600823BE0 /* Sources */,
				D06AF31C2C760B3600823BE0 /* Frameworks */,
				D06AF31D2C760B3600823BE0 /* Resources */,
			);
			buildRules = (
			);
			dependencies = (
			);
			name = DesertDush;
			productName = DesertDush;
			productReference = D06AF31F2C760B3600823BE0 /* DesertDush.app */;
			productType = "com.apple.product-type.application";
		};
/* End PBXNativeTarget section */

/* Begin PBXProject section */
		D06AF3172C760B3600823BE0 /* Project object */ = {
			isa = PBXProject;
			attributes = {
				BuildIndependentTargetsInParallel = 1;
				LastSwiftUpdateCheck = 1500;
				LastUpgradeCheck = 1500;
				TargetAttributes = {
					D06AF31E2C760B3600823BE0 = {
						CreatedOnToolsVersion = 15.0.1;
					};
				};
			};
			buildConfigurationList = D06AF31A2C760B3600823BE0 /* Build configuration list for PBXProject "DesertDush" */;
			compatibilityVersion = "Xcode 14.0";
			developmentRegion = en;
			hasScannedForEncodings = 0;
			knownRegions = (
				en,
				Base,
			);
			mainGroup = D06AF3162C760B3600823BE0;
			productRefGroup = D06AF3202C760B3600823BE0 /* Products */;
			projectDirPath = "";
			projectRoot = "";
			targets = (
				D06AF31E2C760B3600823BE0 /* DesertDush */,
			);
		};
/* End PBXProject section */

/* Begin PBXResourcesBuildPhase section */
		D06AF31D2C760B3600823BE0 /* Resources */ = {
			isa = PBXResourcesBuildPhase;
			buildActionMask = 2147483647;
			files = (
				D06AF32F2C760B3700823BE0 /* LaunchScreen.storyboard in Resources */,
				D06AF32C2C760B3700823BE0 /* Assets.xcassets in Resources */,
			);
			runOnlyForDeploymentPostprocessing = 0;
		};
/* End PBXResourcesBuildPhase section */

/* Begin PBXSourcesBuildPhase section */
		D06AF31B2C760B3600823BE0 /* Sources */ = {
			isa = PBXSourcesBuildPhase;
			buildActionMask = 2147483647;
			files = (
				D0B865F52C87337C00572D31 /* HistoryView.swift in Sources */,
				D0B865FC2C87483F00572D31 /* ProfileView.swift in Sources */,
				D06AF3272C760B3600823BE0 /* CustomButtonViewController.swift in Sources */,
				D0B866012C88654D00572D31 /* ButtonFunc.swift in Sources */,
				D0B865FA2C87420900572D31 /* HistoryDayView.swift in Sources */,
				D0880B372C88B46A00EC3E65 /* BackButtonExt.swift in Sources */,
				D0B865FF2C875C1000572D31 /* Settings.swift in Sources */,
				D06AF3372C761BCE00823BE0 /* UIColorExt.swift in Sources */,
				D0880B312C88A1C100EC3E65 /* BackgroundImageFunc.swift in Sources */,
				D069CE0F2C849BEC0049B594 /* SplashScreenViewController.swift in Sources */,
				D0880B352C88A54C00EC3E65 /* ContentFunc.swift in Sources */,
				D06AF3232C760B3600823BE0 /* AppDelegate.swift in Sources */,
				D069CE0D2C8486F70049B594 /* ShopView.swift in Sources */,
				D0880B332C88A4F500EC3E65 /* ScrollFunc.swift in Sources */,
				D06AF3252C760B3600823BE0 /* SceneDelegate.swift in Sources */,
			);
			runOnlyForDeploymentPostprocessing = 0;
		};
/* End PBXSourcesBuildPhase section */

/* Begin PBXVariantGroup section */
		D06AF32D2C760B3700823BE0 /* LaunchScreen.storyboard */ = {
			isa = PBXVariantGroup;
			children = (
				D06AF32E2C760B3700823BE0 /* Base */,
			);
			name = LaunchScreen.storyboard;
			sourceTree = "<group>";
		};
/* End PBXVariantGroup section */

/* Begin XCBuildConfiguration section */
		D06AF3312C760B3700823BE0 /* Debug */ = {
			isa = XCBuildConfiguration;
			buildSettings = {
				ALWAYS_SEARCH_USER_PATHS = NO;
				ASSETCATALOG_COMPILER_GENERATE_SWIFT_ASSET_SYMBOL_EXTENSIONS = YES;
				CLANG_ANALYZER_NONNULL = YES;
				CLANG_ANALYZER_NUMBER_OBJECT_CONVERSION = YES_AGGRESSIVE;
				CLANG_CXX_LANGUAGE_STANDARD = "gnu++20";
				CLANG_ENABLE_MODULES = YES;
				CLANG_ENABLE_OBJC_ARC = YES;
				CLANG_ENABLE_OBJC_WEAK = YES;
				CLANG_WARN_BLOCK_CAPTURE_AUTORELEASING = YES;
				CLANG_WARN_BOOL_CONVERSION = YES;
				CLANG_WARN_COMMA = YES;
				CLANG_WARN_CONSTANT_CONVERSION = YES;
				CLANG_WARN_DEPRECATED_OBJC_IMPLEMENTATIONS = YES;
				CLANG_WARN_DIRECT_OBJC_ISA_USAGE = YES_ERROR;
				CLANG_WARN_DOCUMENTATION_COMMENTS = YES;
				CLANG_WARN_EMPTY_BODY = YES;
				CLANG_WARN_ENUM_CONVERSION = YES;
				CLANG_WARN_INFINITE_RECURSION = YES;
				CLANG_WARN_INT_CONVERSION = YES;
				CLANG_WARN_NON_LITERAL_NULL_CONVERSION = YES;
				CLANG_WARN_OBJC_IMPLICIT_RETAIN_SELF = YES;
				CLANG_WARN_OBJC_LITERAL_CONVERSION = YES;
				CLANG_WARN_OBJC_ROOT_CLASS = YES_ERROR;
				CLANG_WARN_QUOTED_INCLUDE_IN_FRAMEWORK_HEADER = YES;
				CLANG_WARN_RANGE_LOOP_ANALYSIS = YES;
				CLANG_WARN_STRICT_PROTOTYPES = YES;
				CLANG_WARN_SUSPICIOUS_MOVE = YES;
				CLANG_WARN_UNGUARDED_AVAILABILITY = YES_AGGRESSIVE;
				CLANG_WARN_UNREACHABLE_CODE = YES;
				CLANG_WARN__DUPLICATE_METHOD_MATCH = YES;
				COPY_PHASE_STRIP = NO;
				DEBUG_INFORMATION_FORMAT = dwarf;
				ENABLE_STRICT_OBJC_MSGSEND = YES;
				ENABLE_TESTABILITY = YES;
				ENABLE_USER_SCRIPT_SANDBOXING = YES;
				GCC_C_LANGUAGE_STANDARD = gnu17;
				GCC_DYNAMIC_NO_PIC = NO;
				GCC_NO_COMMON_BLOCKS = YES;
				GCC_OPTIMIZATION_LEVEL = 0;
				GCC_PREPROCESSOR_DEFINITIONS = (
					"DEBUG=1",
					"$(inherited)",
				);
				GCC_WARN_64_TO_32_BIT_CONVERSION = YES;
				GCC_WARN_ABOUT_RETURN_TYPE = YES_ERROR;
				GCC_WARN_UNDECLARED_SELECTOR = YES;
				GCC_WARN_UNINITIALIZED_AUTOS = YES_AGGRESSIVE;
				GCC_WARN_UNUSED_FUNCTION = YES;
				GCC_WARN_UNUSED_VARIABLE = YES;
				IPHONEOS_DEPLOYMENT_TARGET = 17.0;
				LOCALIZATION_PREFERS_STRING_CATALOGS = YES;
				MTL_ENABLE_DEBUG_INFO = INCLUDE_SOURCE;
				MTL_FAST_MATH = YES;
				ONLY_ACTIVE_ARCH = YES;
				SDKROOT = iphoneos;
				SWIFT_ACTIVE_COMPILATION_CONDITIONS = "DEBUG $(inherited)";
				SWIFT_OPTIMIZATION_LEVEL = "-Onone";
			};
			name = Debug;
		};
		D06AF3322C760B3700823BE0 /* Release */ = {
			isa = XCBuildConfiguration;
			buildSettings = {
				ALWAYS_SEARCH_USER_PATHS = NO;
				ASSETCATALOG_COMPILER_GENERATE_SWIFT_ASSET_SYMBOL_EXTENSIONS = YES;
				CLANG_ANALYZER_NONNULL = YES;
				CLANG_ANALYZER_NUMBER_OBJECT_CONVERSION = YES_AGGRESSIVE;
				CLANG_CXX_LANGUAGE_STANDARD = "gnu++20";
				CLANG_ENABLE_MODULES = YES;
				CLANG_ENABLE_OBJC_ARC = YES;
				CLANG_ENABLE_OBJC_WEAK = YES;
				CLANG_WARN_BLOCK_CAPTURE_AUTORELEASING = YES;
				CLANG_WARN_BOOL_CONVERSION = YES;
				CLANG_WARN_COMMA = YES;
				CLANG_WARN_CONSTANT_CONVERSION = YES;
				CLANG_WARN_DEPRECATED_OBJC_IMPLEMENTATIONS = YES;
				CLANG_WARN_DIRECT_OBJC_ISA_USAGE = YES_ERROR;
				CLANG_WARN_DOCUMENTATION_COMMENTS = YES;
				CLANG_WARN_EMPTY_BODY = YES;
				CLANG_WARN_ENUM_CONVERSION = YES;
				CLANG_WARN_INFINITE_RECURSION = YES;
				CLANG_WARN_INT_CONVERSION = YES;
				CLANG_WARN_NON_LITERAL_NULL_CONVERSION = YES;
				CLANG_WARN_OBJC_IMPLICIT_RETAIN_SELF = YES;
				CLANG_WARN_OBJC_LITERAL_CONVERSION = YES;
				CLANG_WARN_OBJC_ROOT_CLASS = YES_ERROR;
				CLANG_WARN_QUOTED_INCLUDE_IN_FRAMEWORK_HEADER = YES;
				CLANG_WARN_RANGE_LOOP_ANALYSIS = YES;
				CLANG_WARN_STRICT_PROTOTYPES = YES;
				CLANG_WARN_SUSPICIOUS_MOVE = YES;
				CLANG_WARN_UNGUARDED_AVAILABILITY = YES_AGGRESSIVE;
				CLANG_WARN_UNREACHABLE_CODE = YES;
				CLANG_WARN__DUPLICATE_METHOD_MATCH = YES;
				COPY_PHASE_STRIP = NO;
				DEBUG_INFORMATION_FORMAT = "dwarf-with-dsym";
				ENABLE_NS_ASSERTIONS = NO;
				ENABLE_STRICT_OBJC_MSGSEND = YES;
				ENABLE_USER_SCRIPT_SANDBOXING = YES;
				GCC_C_LANGUAGE_STANDARD = gnu17;
				GCC_NO_COMMON_BLOCKS = YES;
				GCC_WARN_64_TO_32_BIT_CONVERSION = YES;
				GCC_WARN_ABOUT_RETURN_TYPE = YES_ERROR;
				GCC_WARN_UNDECLARED_SELECTOR = YES;
				GCC_WARN_UNINITIALIZED_AUTOS = YES_AGGRESSIVE;
				GCC_WARN_UNUSED_FUNCTION = YES;
				GCC_WARN_UNUSED_VARIABLE = YES;
				IPHONEOS_DEPLOYMENT_TARGET = 17.0;
				LOCALIZATION_PREFERS_STRING_CATALOGS = YES;
				MTL_ENABLE_DEBUG_INFO = NO;
				MTL_FAST_MATH = YES;
				SDKROOT = iphoneos;
				SWIFT_COMPILATION_MODE = wholemodule;
				VALIDATE_PRODUCT = YES;
			};
			name = Release;
		};
		D06AF3342C760B3700823BE0 /* Debug */ = {
			isa = XCBuildConfiguration;
			buildSettings = {
				ASSETCATALOG_COMPILER_APPICON_NAME = AppIcon;
				ASSETCATALOG_COMPILER_GLOBAL_ACCENT_COLOR_NAME = AccentColor;
				CODE_SIGN_STYLE = Automatic;
				CURRENT_PROJECT_VERSION = 1;
				GENERATE_INFOPLIST_FILE = YES;
				INFOPLIST_FILE = DesertDush/Info.plist;
				INFOPLIST_KEY_UIApplicationSupportsIndirectInputEvents = YES;
				INFOPLIST_KEY_UILaunchStoryboardName = LaunchScreen;
				INFOPLIST_KEY_UISupportedInterfaceOrientations_iPad = "UIInterfaceOrientationPortrait UIInterfaceOrientationPortraitUpsideDown UIInterfaceOrientationLandscapeLeft UIInterfaceOrientationLandscapeRight";
				INFOPLIST_KEY_UISupportedInterfaceOrientations_iPhone = "UIInterfaceOrientationPortrait UIInterfaceOrientationLandscapeLeft UIInterfaceOrientationLandscapeRight";
				LD_RUNPATH_SEARCH_PATHS = (
					"$(inherited)",
					"@executable_path/Frameworks",
				);
				MARKETING_VERSION = 1.0;
				PRODUCT_BUNDLE_IDENTIFIER = Lukav.DesertDush;
				PRODUCT_NAME = "$(TARGET_NAME)";
				SWIFT_EMIT_LOC_STRINGS = YES;
				SWIFT_VERSION = 5.0;
				TARGETED_DEVICE_FAMILY = "1,2";
			};
			name = Debug;
		};
		D06AF3352C760B3700823BE0 /* Release */ = {
			isa = XCBuildConfiguration;
			buildSettings = {
				ASSETCATALOG_COMPILER_APPICON_NAME = AppIcon;
				ASSETCATALOG_COMPILER_GLOBAL_ACCENT_COLOR_NAME = AccentColor;
				CODE_SIGN_STYLE = Automatic;
				CURRENT_PROJECT_VERSION = 1;
				GENERATE_INFOPLIST_FILE = YES;
				INFOPLIST_FILE = DesertDush/Info.plist;
				INFOPLIST_KEY_UIApplicationSupportsIndirectInputEvents = YES;
				INFOPLIST_KEY_UILaunchStoryboardName = LaunchScreen;
				INFOPLIST_KEY_UISupportedInterfaceOrientations_iPad = "UIInterfaceOrientationPortrait UIInterfaceOrientationPortraitUpsideDown UIInterfaceOrientationLandscapeLeft UIInterfaceOrientationLandscapeRight";
				INFOPLIST_KEY_UISupportedInterfaceOrientations_iPhone = "UIInterfaceOrientationPortrait UIInterfaceOrientationLandscapeLeft UIInterfaceOrientationLandscapeRight";
				LD_RUNPATH_SEARCH_PATHS = (
					"$(inherited)",
					"@executable_path/Frameworks",
				);
				MARKETING_VERSION = 1.0;
				PRODUCT_BUNDLE_IDENTIFIER = Lukav.DesertDush;
				PRODUCT_NAME = "$(TARGET_NAME)";
				SWIFT_EMIT_LOC_STRINGS = YES;
				SWIFT_VERSION = 5.0;
				TARGETED_DEVICE_FAMILY = "1,2";
			};
			name = Release;
		};
/* End XCBuildConfiguration section */

/* Begin XCConfigurationList section */
		D06AF31A2C760B3600823BE0 /* Build configuration list for PBXProject "DesertDush" */ = {
			isa = XCConfigurationList;
			buildConfigurations = (
				D06AF3312C760B3700823BE0 /* Debug */,
				D06AF3322C760B3700823BE0 /* Release */,
			);
			defaultConfigurationIsVisible = 0;
			defaultConfigurationName = Release;
		};
		D06AF3332C760B3700823BE0 /* Build configuration list for PBXNativeTarget "DesertDush" */ = {
			isa = XCConfigurationList;
			buildConfigurations = (
				D06AF3342C760B3700823BE0 /* Debug */,
				D06AF3352C760B3700823BE0 /* Release */,
			);
			defaultConfigurationIsVisible = 0;
			defaultConfigurationName = Release;
		};
/* End XCConfigurationList section */
	};
	rootObject = D06AF3172C760B3600823BE0 /* Project object */;
}
